
Microsoft Visual Studio Solution File, Format Version 12.00
# Visual Studio Version 16
VisualStudioVersion = 16.0.30406.217
MinimumVisualStudioVersion = 10.0.40219.1
Project("{FAE04EC0-301F-11D3-BF4B-00C04F79EFBC}") = "JustDoItApp", "JustDoItApp\JustDoItApp.csproj", "{85D3CC1C-0D2A-47EB-B924-7822398E3055}"
EndProject
Project("{9A19103F-16F7-4668-BE54-9A1E7A4F7556}") = "LibraryForPeer", "..\LibraryForPeer\LibraryForPeer\LibraryForPeer.csproj", "{2E197442-BCB3-419D-A1CE-856B22565141}"
EndProject
Global
	GlobalSection(SolutionConfigurationPlatforms) = preSolution
		Debug|Any CPU = Debug|Any CPU
		Release|Any CPU = Release|Any CPU
	EndGlobalSection
	GlobalSection(ProjectConfigurationPlatforms) = postSolution
		{85D3CC1C-0D2A-47EB-B924-7822398E3055}.Debug|Any CPU.ActiveCfg = Debug|Any CPU
		{85D3CC1C-0D2A-47EB-B924-7822398E3055}.Debug|Any CPU.Build.0 = Debug|Any CPU
		{85D3CC1C-0D2A-47EB-B924-7822398E3055}.Release|Any CPU.ActiveCfg = Release|Any CPU
		{85D3CC1C-0D2A-47EB-B924-7822398E3055}.Release|Any CPU.Build.0 = Release|Any CPU
		{2E197442-BCB3-419D-A1CE-856B22565141}.Debug|Any CPU.ActiveCfg = Debug|Any CPU
		{2E197442-BCB3-419D-A1CE-856B22565141}.Debug|Any CPU.Build.0 = Debug|Any CPU
		{2E197442-BCB3-419D-A1CE-856B22565141}.Release|Any CPU.ActiveCfg = Release|Any CPU
		{2E197442-BCB3-419D-A1CE-856B22565141}.Release|Any CPU.Build.0 = Release|Any CPU
	EndGlobalSection
	GlobalSection(SolutionProperties) = preSolution
		HideSolutionNode = FALSE
	EndGlobalSection
	GlobalSection(ExtensibilityGlobals) = postSolution
		SolutionGuid = {9863D596-F8EA-425F-9EF6-750156526411}
	EndGlobalSection
EndGlobal
